// !$*UTF8*$!
{
	archiveVersion = 1;
	classes = {
	};
	objectVersion = 55;
	objects = {

/* Begin PBXBuildFile section */
		30128F6627457AF80082FAB6 /* LoginController.swift in Sources */ = {isa = PBXBuildFile; fileRef = 30128F6527457AF80082FAB6 /* LoginController.swift */; };
		30128F6827457B140082FAB6 /* RegistrationController.swift in Sources */ = {isa = PBXBuildFile; fileRef = 30128F6727457B140082FAB6 /* RegistrationController.swift */; };
		30128F6A2745B51E0082FAB6 /* CustomTextField.swift in Sources */ = {isa = PBXBuildFile; fileRef = 30128F692745B51E0082FAB6 /* CustomTextField.swift */; };
		30128F6C274685E10082FAB6 /* AuthenticationViewModel.swift in Sources */ = {isa = PBXBuildFile; fileRef = 30128F6B274685E10082FAB6 /* AuthenticationViewModel.swift */; };
		3025305427444622006EDB7D /* FeedController.swift in Sources */ = {isa = PBXBuildFile; fileRef = 3025305327444622006EDB7D /* FeedController.swift */; };
		302530562744462F006EDB7D /* SearchController.swift in Sources */ = {isa = PBXBuildFile; fileRef = 302530552744462F006EDB7D /* SearchController.swift */; };
		3025305827444640006EDB7D /* ImageSelectorController.swift in Sources */ = {isa = PBXBuildFile; fileRef = 3025305727444640006EDB7D /* ImageSelectorController.swift */; };
		3025305A2744464F006EDB7D /* NotificationsController.swift in Sources */ = {isa = PBXBuildFile; fileRef = 302530592744464F006EDB7D /* NotificationsController.swift */; };
		3025305C2744466B006EDB7D /* ProfileController.swift in Sources */ = {isa = PBXBuildFile; fileRef = 3025305B2744466B006EDB7D /* ProfileController.swift */; };
		3025305E274458B3006EDB7D /* FeedCell.swift in Sources */ = {isa = PBXBuildFile; fileRef = 3025305D274458B3006EDB7D /* FeedCell.swift */; };
		30253060274459D0006EDB7D /* Extensions.swift in Sources */ = {isa = PBXBuildFile; fileRef = 3025305F274459D0006EDB7D /* Extensions.swift */; };
		306B2313274C21B30021B579 /* GoogleService-Info.plist in Resources */ = {isa = PBXBuildFile; fileRef = 306B2312274C21B30021B579 /* GoogleService-Info.plist */; };
		306B2315274C225A0021B579 /* ImageUploader.swift in Sources */ = {isa = PBXBuildFile; fileRef = 306B2314274C225A0021B579 /* ImageUploader.swift */; };
		306B2317274C22710021B579 /* AuthService.swift in Sources */ = {isa = PBXBuildFile; fileRef = 306B2316274C22710021B579 /* AuthService.swift */; };
		306B2319274C62230021B579 /* ProfileCell.swift in Sources */ = {isa = PBXBuildFile; fileRef = 306B2318274C62230021B579 /* ProfileCell.swift */; };
		306B231C274C623A0021B579 /* ProfileHeader.swift in Sources */ = {isa = PBXBuildFile; fileRef = 306B231B274C623A0021B579 /* ProfileHeader.swift */; };
		30853CEA274D7F5800D00457 /* UserService.swift in Sources */ = {isa = PBXBuildFile; fileRef = 30853CE9274D7F5800D00457 /* UserService.swift */; };
		30853CEC274D7FA500D00457 /* Constants.swift in Sources */ = {isa = PBXBuildFile; fileRef = 30853CEB274D7FA500D00457 /* Constants.swift */; };
		30853CEE274D821200D00457 /* User.swift in Sources */ = {isa = PBXBuildFile; fileRef = 30853CED274D821200D00457 /* User.swift */; };
		30853CF0274D861500D00457 /* ProfileHeaderViewModel.swift in Sources */ = {isa = PBXBuildFile; fileRef = 30853CEF274D861500D00457 /* ProfileHeaderViewModel.swift */; };
		309DAB63274FFC8D00E98033 /* UserCell.swift in Sources */ = {isa = PBXBuildFile; fileRef = 309DAB62274FFC8D00E98033 /* UserCell.swift */; };
		309DAB6527500A4100E98033 /* UserCellViewModel.swift in Sources */ = {isa = PBXBuildFile; fileRef = 309DAB6427500A4100E98033 /* UserCellViewModel.swift */; };
		30C910702742C067006C971B /* AppDelegate.swift in Sources */ = {isa = PBXBuildFile; fileRef = 30C9106F2742C067006C971B /* AppDelegate.swift */; };
		30C910722742C067006C971B /* SceneDelegate.swift in Sources */ = {isa = PBXBuildFile; fileRef = 30C910712742C067006C971B /* SceneDelegate.swift */; };
		30C910772742C068006C971B /* Main.storyboard in Resources */ = {isa = PBXBuildFile; fileRef = 30C910752742C068006C971B /* Main.storyboard */; };
		30C910792742C06C006C971B /* Assets.xcassets in Resources */ = {isa = PBXBuildFile; fileRef = 30C910782742C06C006C971B /* Assets.xcassets */; };
		30C9107C2742C06C006C971B /* LaunchScreen.storyboard in Resources */ = {isa = PBXBuildFile; fileRef = 30C9107A2742C06C006C971B /* LaunchScreen.storyboard */; };
		30C9108A2742C29C006C971B /* MainTabController.swift in Sources */ = {isa = PBXBuildFile; fileRef = 30C910892742C29C006C971B /* MainTabController.swift */; };
		8BA3117F582196F6CF220254 /* Pods_InstagramClone.framework in Frameworks */ = {isa = PBXBuildFile; fileRef = 96E9E97B81ECD0C1138D47C4 /* Pods_InstagramClone.framework */; };
/* End PBXBuildFile section */

/* Begin PBXFileReference section */
		30128F6527457AF80082FAB6 /* LoginController.swift */ = {isa = PBXFileReference; lastKnownFileType = sourcecode.swift; path = LoginController.swift; sourceTree = "<group>"; };
		30128F6727457B140082FAB6 /* RegistrationController.swift */ = {isa = PBXFileReference; lastKnownFileType = sourcecode.swift; path = RegistrationController.swift; sourceTree = "<group>"; };
		30128F692745B51E0082FAB6 /* CustomTextField.swift */ = {isa = PBXFileReference; lastKnownFileType = sourcecode.swift; path = CustomTextField.swift; sourceTree = "<group>"; };
		30128F6B274685E10082FAB6 /* AuthenticationViewModel.swift */ = {isa = PBXFileReference; lastKnownFileType = sourcecode.swift; path = AuthenticationViewModel.swift; sourceTree = "<group>"; };
		3025305327444622006EDB7D /* FeedController.swift */ = {isa = PBXFileReference; lastKnownFileType = sourcecode.swift; path = FeedController.swift; sourceTree = "<group>"; };
		302530552744462F006EDB7D /* SearchController.swift */ = {isa = PBXFileReference; lastKnownFileType = sourcecode.swift; path = SearchController.swift; sourceTree = "<group>"; };
		3025305727444640006EDB7D /* ImageSelectorController.swift */ = {isa = PBXFileReference; lastKnownFileType = sourcecode.swift; path = ImageSelectorController.swift; sourceTree = "<group>"; };
		302530592744464F006EDB7D /* NotificationsController.swift */ = {isa = PBXFileReference; lastKnownFileType = sourcecode.swift; path = NotificationsController.swift; sourceTree = "<group>"; };
		3025305B2744466B006EDB7D /* ProfileController.swift */ = {isa = PBXFileReference; lastKnownFileType = sourcecode.swift; path = ProfileController.swift; sourceTree = "<group>"; };
		3025305D274458B3006EDB7D /* FeedCell.swift */ = {isa = PBXFileReference; lastKnownFileType = sourcecode.swift; path = FeedCell.swift; sourceTree = "<group>"; };
		3025305F274459D0006EDB7D /* Extensions.swift */ = {isa = PBXFileReference; lastKnownFileType = sourcecode.swift; path = Extensions.swift; sourceTree = "<group>"; };
		306B2312274C21B30021B579 /* GoogleService-Info.plist */ = {isa = PBXFileReference; lastKnownFileType = text.plist; path = "GoogleService-Info.plist"; sourceTree = SOURCE_ROOT; };
		306B2314274C225A0021B579 /* ImageUploader.swift */ = {isa = PBXFileReference; lastKnownFileType = sourcecode.swift; path = ImageUploader.swift; sourceTree = "<group>"; };
		306B2316274C22710021B579 /* AuthService.swift */ = {isa = PBXFileReference; lastKnownFileType = sourcecode.swift; path = AuthService.swift; sourceTree = "<group>"; };
		306B2318274C62230021B579 /* ProfileCell.swift */ = {isa = PBXFileReference; lastKnownFileType = sourcecode.swift; path = ProfileCell.swift; sourceTree = "<group>"; };
		306B231B274C623A0021B579 /* ProfileHeader.swift */ = {isa = PBXFileReference; lastKnownFileType = sourcecode.swift; path = ProfileHeader.swift; sourceTree = "<group>"; };
		30853CE9274D7F5800D00457 /* UserService.swift */ = {isa = PBXFileReference; lastKnownFileType = sourcecode.swift; path = UserService.swift; sourceTree = "<group>"; };
		30853CEB274D7FA500D00457 /* Constants.swift */ = {isa = PBXFileReference; lastKnownFileType = sourcecode.swift; path = Constants.swift; sourceTree = "<group>"; };
		30853CED274D821200D00457 /* User.swift */ = {isa = PBXFileReference; lastKnownFileType = sourcecode.swift; path = User.swift; sourceTree = "<group>"; };
		30853CEF274D861500D00457 /* ProfileHeaderViewModel.swift */ = {isa = PBXFileReference; lastKnownFileType = sourcecode.swift; path = ProfileHeaderViewModel.swift; sourceTree = "<group>"; };
		309DAB62274FFC8D00E98033 /* UserCell.swift */ = {isa = PBXFileReference; lastKnownFileType = sourcecode.swift; path = UserCell.swift; sourceTree = "<group>"; };
		309DAB6427500A4100E98033 /* UserCellViewModel.swift */ = {isa = PBXFileReference; lastKnownFileType = sourcecode.swift; path = UserCellViewModel.swift; sourceTree = "<group>"; };
		30C9106C2742C067006C971B /* InstagramClone.app */ = {isa = PBXFileReference; explicitFileType = wrapper.application; includeInIndex = 0; path = InstagramClone.app; sourceTree = BUILT_PRODUCTS_DIR; };
		30C9106F2742C067006C971B /* AppDelegate.swift */ = {isa = PBXFileReference; lastKnownFileType = sourcecode.swift; path = AppDelegate.swift; sourceTree = "<group>"; };
		30C910712742C067006C971B /* SceneDelegate.swift */ = {isa = PBXFileReference; lastKnownFileType = sourcecode.swift; path = SceneDelegate.swift; sourceTree = "<group>"; };
		30C910762742C068006C971B /* Base */ = {isa = PBXFileReference; lastKnownFileType = file.storyboard; name = Base; path = Base.lproj/Main.storyboard; sourceTree = "<group>"; };
		30C910782742C06C006C971B /* Assets.xcassets */ = {isa = PBXFileReference; lastKnownFileType = folder.assetcatalog; path = Assets.xcassets; sourceTree = "<group>"; };
		30C9107B2742C06C006C971B /* Base */ = {isa = PBXFileReference; lastKnownFileType = file.storyboard; name = Base; path = Base.lproj/LaunchScreen.storyboard; sourceTree = "<group>"; };
		30C9107D2742C06C006C971B /* Info.plist */ = {isa = PBXFileReference; lastKnownFileType = text.plist.xml; path = Info.plist; sourceTree = "<group>"; };
		30C910892742C29C006C971B /* MainTabController.swift */ = {isa = PBXFileReference; lastKnownFileType = sourcecode.swift; path = MainTabController.swift; sourceTree = "<group>"; };
		3BEDE10A2AB3A09FA932D659 /* Pods-InstagramClone.debug.xcconfig */ = {isa = PBXFileReference; includeInIndex = 1; lastKnownFileType = text.xcconfig; name = "Pods-InstagramClone.debug.xcconfig"; path = "Target Support Files/Pods-InstagramClone/Pods-InstagramClone.debug.xcconfig"; sourceTree = "<group>"; };
		57FED124AF13B1D749C1E2F9 /* Pods-InstagramClone.release.xcconfig */ = {isa = PBXFileReference; includeInIndex = 1; lastKnownFileType = text.xcconfig; name = "Pods-InstagramClone.release.xcconfig"; path = "Target Support Files/Pods-InstagramClone/Pods-InstagramClone.release.xcconfig"; sourceTree = "<group>"; };
		96E9E97B81ECD0C1138D47C4 /* Pods_InstagramClone.framework */ = {isa = PBXFileReference; explicitFileType = wrapper.framework; includeInIndex = 0; path = Pods_InstagramClone.framework; sourceTree = BUILT_PRODUCTS_DIR; };
/* End PBXFileReference section */

/* Begin PBXFrameworksBuildPhase section */
		30C910692742C067006C971B /* Frameworks */ = {
			isa = PBXFrameworksBuildPhase;
			buildActionMask = 2147483647;
			files = (
				8BA3117F582196F6CF220254 /* Pods_InstagramClone.framework in Frameworks */,
			);
			runOnlyForDeploymentPostprocessing = 0;
		};
/* End PBXFrameworksBuildPhase section */

/* Begin PBXGroup section */
		30128F6427457AC70082FAB6 /* Authentication */ = {
			isa = PBXGroup;
			children = (
				30128F6527457AF80082FAB6 /* LoginController.swift */,
				30128F6727457B140082FAB6 /* RegistrationController.swift */,
			);
			path = Authentication;
			sourceTree = "<group>";
		};
		306B231A274C62290021B579 /* Profile */ = {
			isa = PBXGroup;
			children = (
				306B2318274C62230021B579 /* ProfileCell.swift */,
				306B231B274C623A0021B579 /* ProfileHeader.swift */,
			);
			path = Profile;
			sourceTree = "<group>";
		};
		30C910632742C067006C971B = {
			isa = PBXGroup;
			children = (
				30C9106E2742C067006C971B /* InstagramClone */,
				30C9106D2742C067006C971B /* Products */,
				A0B45CB6F82023D5D36B60F4 /* Pods */,
				706F6EEA6A956ADA62DE486F /* Frameworks */,
			);
			sourceTree = "<group>";
		};
		30C9106D2742C067006C971B /* Products */ = {
			isa = PBXGroup;
			children = (
				30C9106C2742C067006C971B /* InstagramClone.app */,
			);
			name = Products;
			sourceTree = "<group>";
		};
		30C9106E2742C067006C971B /* InstagramClone */ = {
			isa = PBXGroup;
			children = (
				30C910882742C0A6006C971B /* Model */,
				30C910872742C0A3006C971B /* View */,
				30C910862742C0A1006C971B /* ViewModel */,
				30C910852742C09F006C971B /* Controller */,
				30C910842742C097006C971B /* API */,
				30C910832742C08D006C971B /* Utils */,
				30C9106F2742C067006C971B /* AppDelegate.swift */,
				30C910712742C067006C971B /* SceneDelegate.swift */,
				30C910752742C068006C971B /* Main.storyboard */,
				30C910782742C06C006C971B /* Assets.xcassets */,
				30C9107A2742C06C006C971B /* LaunchScreen.storyboard */,
				30C9107D2742C06C006C971B /* Info.plist */,
				306B2312274C21B30021B579 /* GoogleService-Info.plist */,
			);
			path = InstagramClone;
			sourceTree = "<group>";
		};
		30C910832742C08D006C971B /* Utils */ = {
			isa = PBXGroup;
			children = (
				3025305F274459D0006EDB7D /* Extensions.swift */,
				30853CEB274D7FA500D00457 /* Constants.swift */,
			);
			path = Utils;
			sourceTree = "<group>";
		};
		30C910842742C097006C971B /* API */ = {
			isa = PBXGroup;
			children = (
				306B2314274C225A0021B579 /* ImageUploader.swift */,
				306B2316274C22710021B579 /* AuthService.swift */,
				30853CE9274D7F5800D00457 /* UserService.swift */,
			);
			path = API;
			sourceTree = "<group>";
		};
		30C910852742C09F006C971B /* Controller */ = {
			isa = PBXGroup;
			children = (
				30128F6427457AC70082FAB6 /* Authentication */,
				30C910892742C29C006C971B /* MainTabController.swift */,
				3025305327444622006EDB7D /* FeedController.swift */,
				302530552744462F006EDB7D /* SearchController.swift */,
				3025305727444640006EDB7D /* ImageSelectorController.swift */,
				302530592744464F006EDB7D /* NotificationsController.swift */,
				3025305B2744466B006EDB7D /* ProfileController.swift */,
			);
			path = Controller;
			sourceTree = "<group>";
		};
		30C910862742C0A1006C971B /* ViewModel */ = {
			isa = PBXGroup;
			children = (
				30128F6B274685E10082FAB6 /* AuthenticationViewModel.swift */,
				30853CEF274D861500D00457 /* ProfileHeaderViewModel.swift */,
			);
			path = ViewModel;
			sourceTree = "<group>";
		};
		30C910872742C0A3006C971B /* View */ = {
			isa = PBXGroup;
			children = (
				306B231A274C62290021B579 /* Profile */,
				3025305D274458B3006EDB7D /* FeedCell.swift */,
				30128F692745B51E0082FAB6 /* CustomTextField.swift */,
				309DAB62274FFC8D00E98033 /* UserCell.swift */,
			);
			path = View;
			sourceTree = "<group>";
		};
		30C910882742C0A6006C971B /* Model */ = {
			isa = PBXGroup;
			children = (
				30853CED274D821200D00457 /* User.swift */,
				309DAB6427500A4100E98033 /* UserCellViewModel.swift */,
			);
			path = Model;
			sourceTree = "<group>";
		};
		706F6EEA6A956ADA62DE486F /* Frameworks */ = {
			isa = PBXGroup;
			children = (
				96E9E97B81ECD0C1138D47C4 /* Pods_InstagramClone.framework */,
			);
			name = Frameworks;
			sourceTree = "<group>";
		};
		A0B45CB6F82023D5D36B60F4 /* Pods */ = {
			isa = PBXGroup;
			children = (
				3BEDE10A2AB3A09FA932D659 /* Pods-InstagramClone.debug.xcconfig */,
				57FED124AF13B1D749C1E2F9 /* Pods-InstagramClone.release.xcconfig */,
			);
			path = Pods;
			sourceTree = "<group>";
		};
/* End PBXGroup section */

/* Begin PBXNativeTarget section */
		30C9106B2742C067006C971B /* InstagramClone */ = {
			isa = PBXNativeTarget;
			buildConfigurationList = 30C910802742C06C006C971B /* Build configuration list for PBXNativeTarget "InstagramClone" */;
			buildPhases = (
				7C3ACCD3CF747271DC259E40 /* [CP] Check Pods Manifest.lock */,
				30C910682742C067006C971B /* Sources */,
				30C910692742C067006C971B /* Frameworks */,
				30C9106A2742C067006C971B /* Resources */,
				9BA9FB73F84022639728E2EE /* [CP] Embed Pods Frameworks */,
			);
			buildRules = (
			);
			dependencies = (
			);
			name = InstagramClone;
			productName = InstagramClone;
			productReference = 30C9106C2742C067006C971B /* InstagramClone.app */;
			productType = "com.apple.product-type.application";
		};
/* End PBXNativeTarget section */

/* Begin PBXProject section */
		30C910642742C067006C971B /* Project object */ = {
			isa = PBXProject;
			attributes = {
				BuildIndependentTargetsInParallel = 1;
				LastSwiftUpdateCheck = 1310;
				LastUpgradeCheck = 1310;
				TargetAttributes = {
					30C9106B2742C067006C971B = {
						CreatedOnToolsVersion = 13.1;
					};
				};
			};
			buildConfigurationList = 30C910672742C067006C971B /* Build configuration list for PBXProject "InstagramClone" */;
			compatibilityVersion = "Xcode 13.0";
			developmentRegion = en;
			hasScannedForEncodings = 0;
			knownRegions = (
				en,
				Base,
			);
			mainGroup = 30C910632742C067006C971B;
			productRefGroup = 30C9106D2742C067006C971B /* Products */;
			projectDirPath = "";
			projectRoot = "";
			targets = (
				30C9106B2742C067006C971B /* InstagramClone */,
			);
		};
/* End PBXProject section */

/* Begin PBXResourcesBuildPhase section */
		30C9106A2742C067006C971B /* Resources */ = {
			isa = PBXResourcesBuildPhase;
			buildActionMask = 2147483647;
			files = (
				30C9107C2742C06C006C971B /* LaunchScreen.storyboard in Resources */,
				306B2313274C21B30021B579 /* GoogleService-Info.plist in Resources */,
				30C910792742C06C006C971B /* Assets.xcassets in Resources */,
				30C910772742C068006C971B /* Main.storyboard in Resources */,
			);
			runOnlyForDeploymentPostprocessing = 0;
		};
/* End PBXResourcesBuildPhase section */

/* Begin PBXShellScriptBuildPhase section */
		7C3ACCD3CF747271DC259E40 /* [CP] Check Pods Manifest.lock */ = {
			isa = PBXShellScriptBuildPhase;
			buildActionMask = 2147483647;
			files = (
			);
			inputFileListPaths = (
			);
			inputPaths = (
				"${PODS_PODFILE_DIR_PATH}/Podfile.lock",
				"${PODS_ROOT}/Manifest.lock",
			);
			name = "[CP] Check Pods Manifest.lock";
			outputFileListPaths = (
			);
			outputPaths = (
				"$(DERIVED_FILE_DIR)/Pods-InstagramClone-checkManifestLockResult.txt",
			);
			runOnlyForDeploymentPostprocessing = 0;
			shellPath = /bin/sh;
			shellScript = "diff \"${PODS_PODFILE_DIR_PATH}/Podfile.lock\" \"${PODS_ROOT}/Manifest.lock\" > /dev/null\nif [ $? != 0 ] ; then\n    # print error to STDERR\n    echo \"error: The sandbox is not in sync with the Podfile.lock. Run 'pod install' or update your CocoaPods installation.\" >&2\n    exit 1\nfi\n# This output is used by Xcode 'outputs' to avoid re-running this script phase.\necho \"SUCCESS\" > \"${SCRIPT_OUTPUT_FILE_0}\"\n";
			showEnvVarsInLog = 0;
		};
		9BA9FB73F84022639728E2EE /* [CP] Embed Pods Frameworks */ = {
			isa = PBXShellScriptBuildPhase;
			buildActionMask = 2147483647;
			files = (
			);
			inputFileListPaths = (
				"${PODS_ROOT}/Target Support Files/Pods-InstagramClone/Pods-InstagramClone-frameworks-${CONFIGURATION}-input-files.xcfilelist",
			);
			name = "[CP] Embed Pods Frameworks";
			outputFileListPaths = (
				"${PODS_ROOT}/Target Support Files/Pods-InstagramClone/Pods-InstagramClone-frameworks-${CONFIGURATION}-output-files.xcfilelist",
			);
			runOnlyForDeploymentPostprocessing = 0;
			shellPath = /bin/sh;
			shellScript = "\"${PODS_ROOT}/Target Support Files/Pods-InstagramClone/Pods-InstagramClone-frameworks.sh\"\n";
			showEnvVarsInLog = 0;
		};
/* End PBXShellScriptBuildPhase section */

/* Begin PBXSourcesBuildPhase section */
		30C910682742C067006C971B /* Sources */ = {
			isa = PBXSourcesBuildPhase;
			buildActionMask = 2147483647;
			files = (
				306B2319274C62230021B579 /* ProfileCell.swift in Sources */,
				30128F6A2745B51E0082FAB6 /* CustomTextField.swift in Sources */,
				30128F6627457AF80082FAB6 /* LoginController.swift in Sources */,
				306B2315274C225A0021B579 /* ImageUploader.swift in Sources */,
				30128F6C274685E10082FAB6 /* AuthenticationViewModel.swift in Sources */,
				309DAB6527500A4100E98033 /* UserCellViewModel.swift in Sources */,
				30C910702742C067006C971B /* AppDelegate.swift in Sources */,
				302530562744462F006EDB7D /* SearchController.swift in Sources */,
				30C9108A2742C29C006C971B /* MainTabController.swift in Sources */,
				306B231C274C623A0021B579 /* ProfileHeader.swift in Sources */,
				3025305A2744464F006EDB7D /* NotificationsController.swift in Sources */,
				30C910722742C067006C971B /* SceneDelegate.swift in Sources */,
				309DAB63274FFC8D00E98033 /* UserCell.swift in Sources */,
				30253060274459D0006EDB7D /* Extensions.swift in Sources */,
				3025305827444640006EDB7D /* ImageSelectorController.swift in Sources */,
				30853CEA274D7F5800D00457 /* UserService.swift in Sources */,
				3025305427444622006EDB7D /* FeedController.swift in Sources */,
				30853CEC274D7FA500D00457 /* Constants.swift in Sources */,
				3025305C2744466B006EDB7D /* ProfileController.swift in Sources */,
				30128F6827457B140082FAB6 /* RegistrationController.swift in Sources */,
				3025305E274458B3006EDB7D /* FeedCell.swift in Sources */,
				30853CF0274D861500D00457 /* ProfileHeaderViewModel.swift in Sources */,
				306B2317274C22710021B579 /* AuthService.swift in Sources */,
				30853CEE274D821200D00457 /* User.swift in Sources */,
			);
			runOnlyForDeploymentPostprocessing = 0;
		};
/* End PBXSourcesBuildPhase section */

/* Begin PBXVariantGroup section */
		30C910752742C068006C971B /* Main.storyboard */ = {
			isa = PBXVariantGroup;
			children = (
				30C910762742C068006C971B /* Base */,
			);
			name = Main.storyboard;
			sourceTree = "<group>";
		};
		30C9107A2742C06C006C971B /* LaunchScreen.storyboard */ = {
			isa = PBXVariantGroup;
			children = (
				30C9107B2742C06C006C971B /* Base */,
			);
			name = LaunchScreen.storyboard;
			sourceTree = "<group>";
		};
/* End PBXVariantGroup section */

/* Begin XCBuildConfiguration section */
		30C9107E2742C06C006C971B /* Debug */ = {
			isa = XCBuildConfiguration;
			buildSettings = {
				ALWAYS_SEARCH_USER_PATHS = NO;
				CLANG_ANALYZER_NONNULL = YES;
				CLANG_ANALYZER_NUMBER_OBJECT_CONVERSION = YES_AGGRESSIVE;
				CLANG_CXX_LANGUAGE_STANDARD = "gnu++17";
				CLANG_CXX_LIBRARY = "libc++";
				CLANG_ENABLE_MODULES = YES;
				CLANG_ENABLE_OBJC_ARC = YES;
				CLANG_ENABLE_OBJC_WEAK = YES;
				CLANG_WARN_BLOCK_CAPTURE_AUTORELEASING = YES;
				CLANG_WARN_BOOL_CONVERSION = YES;
				CLANG_WARN_COMMA = YES;
				CLANG_WARN_CONSTANT_CONVERSION = YES;
				CLANG_WARN_DEPRECATED_OBJC_IMPLEMENTATIONS = YES;
				CLANG_WARN_DIRECT_OBJC_ISA_USAGE = YES_ERROR;
				CLANG_WARN_DOCUMENTATION_COMMENTS = YES;
				CLANG_WARN_EMPTY_BODY = YES;
				CLANG_WARN_ENUM_CONVERSION = YES;
				CLANG_WARN_INFINITE_RECURSION = YES;
				CLANG_WARN_INT_CONVERSION = YES;
				CLANG_WARN_NON_LITERAL_NULL_CONVERSION = YES;
				CLANG_WARN_OBJC_IMPLICIT_RETAIN_SELF = YES;
				CLANG_WARN_OBJC_LITERAL_CONVERSION = YES;
				CLANG_WARN_OBJC_ROOT_CLASS = YES_ERROR;
				CLANG_WARN_QUOTED_INCLUDE_IN_FRAMEWORK_HEADER = YES;
				CLANG_WARN_RANGE_LOOP_ANALYSIS = YES;
				CLANG_WARN_STRICT_PROTOTYPES = YES;
				CLANG_WARN_SUSPICIOUS_MOVE = YES;
				CLANG_WARN_UNGUARDED_AVAILABILITY = YES_AGGRESSIVE;
				CLANG_WARN_UNREACHABLE_CODE = YES;
				CLANG_WARN__DUPLICATE_METHOD_MATCH = YES;
				COPY_PHASE_STRIP = NO;
				DEBUG_INFORMATION_FORMAT = dwarf;
				ENABLE_STRICT_OBJC_MSGSEND = YES;
				ENABLE_TESTABILITY = YES;
				GCC_C_LANGUAGE_STANDARD = gnu11;
				GCC_DYNAMIC_NO_PIC = NO;
				GCC_NO_COMMON_BLOCKS = YES;
				GCC_OPTIMIZATION_LEVEL = 0;
				GCC_PREPROCESSOR_DEFINITIONS = (
					"DEBUG=1",
					"$(inherited)",
				);
				GCC_WARN_64_TO_32_BIT_CONVERSION = YES;
				GCC_WARN_ABOUT_RETURN_TYPE = YES_ERROR;
				GCC_WARN_UNDECLARED_SELECTOR = YES;
				GCC_WARN_UNINITIALIZED_AUTOS = YES_AGGRESSIVE;
				GCC_WARN_UNUSED_FUNCTION = YES;
				GCC_WARN_UNUSED_VARIABLE = YES;
				IPHONEOS_DEPLOYMENT_TARGET = 15.0;
				MTL_ENABLE_DEBUG_INFO = INCLUDE_SOURCE;
				MTL_FAST_MATH = YES;
				ONLY_ACTIVE_ARCH = YES;
				SDKROOT = iphoneos;
				SWIFT_ACTIVE_COMPILATION_CONDITIONS = DEBUG;
				SWIFT_OPTIMIZATION_LEVEL = "-Onone";
			};
			name = Debug;
		};
		30C9107F2742C06C006C971B /* Release */ = {
			isa = XCBuildConfiguration;
			buildSettings = {
				ALWAYS_SEARCH_USER_PATHS = NO;
				CLANG_ANALYZER_NONNULL = YES;
				CLANG_ANALYZER_NUMBER_OBJECT_CONVERSION = YES_AGGRESSIVE;
				CLANG_CXX_LANGUAGE_STANDARD = "gnu++17";
				CLANG_CXX_LIBRARY = "libc++";
				CLANG_ENABLE_MODULES = YES;
				CLANG_ENABLE_OBJC_ARC = YES;
				CLANG_ENABLE_OBJC_WEAK = YES;
				CLANG_WARN_BLOCK_CAPTURE_AUTORELEASING = YES;
				CLANG_WARN_BOOL_CONVERSION = YES;
				CLANG_WARN_COMMA = YES;
				CLANG_WARN_CONSTANT_CONVERSION = YES;
				CLANG_WARN_DEPRECATED_OBJC_IMPLEMENTATIONS = YES;
				CLANG_WARN_DIRECT_OBJC_ISA_USAGE = YES_ERROR;
				CLANG_WARN_DOCUMENTATION_COMMENTS = YES;
				CLANG_WARN_EMPTY_BODY = YES;
				CLANG_WARN_ENUM_CONVERSION = YES;
				CLANG_WARN_INFINITE_RECURSION = YES;
				CLANG_WARN_INT_CONVERSION = YES;
				CLANG_WARN_NON_LITERAL_NULL_CONVERSION = YES;
				CLANG_WARN_OBJC_IMPLICIT_RETAIN_SELF = YES;
				CLANG_WARN_OBJC_LITERAL_CONVERSION = YES;
				CLANG_WARN_OBJC_ROOT_CLASS = YES_ERROR;
				CLANG_WARN_QUOTED_INCLUDE_IN_FRAMEWORK_HEADER = YES;
				CLANG_WARN_RANGE_LOOP_ANALYSIS = YES;
				CLANG_WARN_STRICT_PROTOTYPES = YES;
				CLANG_WARN_SUSPICIOUS_MOVE = YES;
				CLANG_WARN_UNGUARDED_AVAILABILITY = YES_AGGRESSIVE;
				CLANG_WARN_UNREACHABLE_CODE = YES;
				CLANG_WARN__DUPLICATE_METHOD_MATCH = YES;
				COPY_PHASE_STRIP = NO;
				DEBUG_INFORMATION_FORMAT = "dwarf-with-dsym";
				ENABLE_NS_ASSERTIONS = NO;
				ENABLE_STRICT_OBJC_MSGSEND = YES;
				GCC_C_LANGUAGE_STANDARD = gnu11;
				GCC_NO_COMMON_BLOCKS = YES;
				GCC_WARN_64_TO_32_BIT_CONVERSION = YES;
				GCC_WARN_ABOUT_RETURN_TYPE = YES_ERROR;
				GCC_WARN_UNDECLARED_SELECTOR = YES;
				GCC_WARN_UNINITIALIZED_AUTOS = YES_AGGRESSIVE;
				GCC_WARN_UNUSED_FUNCTION = YES;
				GCC_WARN_UNUSED_VARIABLE = YES;
				IPHONEOS_DEPLOYMENT_TARGET = 15.0;
				MTL_ENABLE_DEBUG_INFO = NO;
				MTL_FAST_MATH = YES;
				SDKROOT = iphoneos;
				SWIFT_COMPILATION_MODE = wholemodule;
				SWIFT_OPTIMIZATION_LEVEL = "-O";
				VALIDATE_PRODUCT = YES;
			};
			name = Release;
		};
		30C910812742C06C006C971B /* Debug */ = {
			isa = XCBuildConfiguration;
			baseConfigurationReference = 3BEDE10A2AB3A09FA932D659 /* Pods-InstagramClone.debug.xcconfig */;
			buildSettings = {
				ASSETCATALOG_COMPILER_APPICON_NAME = AppIcon;
				ASSETCATALOG_COMPILER_GLOBAL_ACCENT_COLOR_NAME = AccentColor;
				CODE_SIGN_STYLE = Automatic;
				CURRENT_PROJECT_VERSION = 1;
				DEVELOPMENT_TEAM = 4NVHLXAC66;
				GENERATE_INFOPLIST_FILE = YES;
				INFOPLIST_FILE = InstagramClone/Info.plist;
				INFOPLIST_KEY_UIApplicationSupportsIndirectInputEvents = YES;
				INFOPLIST_KEY_UILaunchStoryboardName = LaunchScreen;
				INFOPLIST_KEY_UIMainStoryboardFile = Main;
				INFOPLIST_KEY_UISupportedInterfaceOrientations_iPad = "UIInterfaceOrientationPortrait UIInterfaceOrientationPortraitUpsideDown UIInterfaceOrientationLandscapeLeft UIInterfaceOrientationLandscapeRight";
				INFOPLIST_KEY_UISupportedInterfaceOrientations_iPhone = "UIInterfaceOrientationPortrait UIInterfaceOrientationLandscapeLeft UIInterfaceOrientationLandscapeRight";
				LD_RUNPATH_SEARCH_PATHS = (
					"$(inherited)",
					"@executable_path/Frameworks",
				);
				MARKETING_VERSION = 1.0;
				PRODUCT_BUNDLE_IDENTIFIER = com.leleluu.InstagramClone;
				PRODUCT_NAME = "$(TARGET_NAME)";
				SWIFT_EMIT_LOC_STRINGS = YES;
				SWIFT_VERSION = 5.0;
				TARGETED_DEVICE_FAMILY = "1,2";
			};
			name = Debug;
		};
		30C910822742C06C006C971B /* Release */ = {
			isa = XCBuildConfiguration;
			baseConfigurationReference = 57FED124AF13B1D749C1E2F9 /* Pods-InstagramClone.release.xcconfig */;
			buildSettings = {
				ASSETCATALOG_COMPILER_APPICON_NAME = AppIcon;
				ASSETCATALOG_COMPILER_GLOBAL_ACCENT_COLOR_NAME = AccentColor;
				CODE_SIGN_STYLE = Automatic;
				CURRENT_PROJECT_VERSION = 1;
				DEVELOPMENT_TEAM = 4NVHLXAC66;
				GENERATE_INFOPLIST_FILE = YES;
				INFOPLIST_FILE = InstagramClone/Info.plist;
				INFOPLIST_KEY_UIApplicationSupportsIndirectInputEvents = YES;
				INFOPLIST_KEY_UILaunchStoryboardName = LaunchScreen;
				INFOPLIST_KEY_UIMainStoryboardFile = Main;
				INFOPLIST_KEY_UISupportedInterfaceOrientations_iPad = "UIInterfaceOrientationPortrait UIInterfaceOrientationPortraitUpsideDown UIInterfaceOrientationLandscapeLeft UIInterfaceOrientationLandscapeRight";
				INFOPLIST_KEY_UISupportedInterfaceOrientations_iPhone = "UIInterfaceOrientationPortrait UIInterfaceOrientationLandscapeLeft UIInterfaceOrientationLandscapeRight";
				LD_RUNPATH_SEARCH_PATHS = (
					"$(inherited)",
					"@executable_path/Frameworks",
				);
				MARKETING_VERSION = 1.0;
				PRODUCT_BUNDLE_IDENTIFIER = com.leleluu.InstagramClone;
				PRODUCT_NAME = "$(TARGET_NAME)";
				SWIFT_EMIT_LOC_STRINGS = YES;
				SWIFT_VERSION = 5.0;
				TARGETED_DEVICE_FAMILY = "1,2";
			};
			name = Release;
		};
/* End XCBuildConfiguration section */

/* Begin XCConfigurationList section */
		30C910672742C067006C971B /* Build configuration list for PBXProject "InstagramClone" */ = {
			isa = XCConfigurationList;
			buildConfigurations = (
				30C9107E2742C06C006C971B /* Debug */,
				30C9107F2742C06C006C971B /* Release */,
			);
			defaultConfigurationIsVisible = 0;
			defaultConfigurationName = Release;
		};
		30C910802742C06C006C971B /* Build configuration list for PBXNativeTarget "InstagramClone" */ = {
			isa = XCConfigurationList;
			buildConfigurations = (
				30C910812742C06C006C971B /* Debug */,
				30C910822742C06C006C971B /* Release */,
			);
			defaultConfigurationIsVisible = 0;
			defaultConfigurationName = Release;
		};
/* End XCConfigurationList section */
	};
	rootObject = 30C910642742C067006C971B /* Project object */;
}
